
Microsoft Visual Studio Solution File, Format Version 12.00
# Visual Studio Version 16
VisualStudioVersion = 16.0.31829.152
MinimumVisualStudioVersion = 10.0.40219.1
Project("{9A19103F-16F7-4668-BE54-9A1E7A4F7556}") = "MongoPOC.API", "MongoPOC.API\MongoPOC.API.csproj", "{A1BB736F-2853-4DBC-A710-E12624F8AB8D}"
EndProject
Project("{9A19103F-16F7-4668-BE54-9A1E7A4F7556}") = "MongoPOC.Model", "MongoPOC.Model\MongoPOC.Model.csproj", "{2AB245CA-046F-4215-8333-0A1D92C9EC4F}"
EndProject
Project("{9A19103F-16F7-4668-BE54-9A1E7A4F7556}") = "MongoPOC.Data", "MongoPOC.Data\MongoPOC.Data.csproj", "{436A7C3B-78A0-4696-B7A8-62EF567C3DCE}"
EndProject
Global
	GlobalSection(SolutionConfigurationPlatforms) = preSolution
		Debug|Any CPU = Debug|Any CPU
		Release|Any CPU = Release|Any CPU
	EndGlobalSection
	GlobalSection(ProjectConfigurationPlatforms) = postSolution
		{A1BB736F-2853-4DBC-A710-E12624F8AB8D}.Debug|Any CPU.ActiveCfg = Debug|Any CPU
		{A1BB736F-2853-4DBC-A710-E12624F8AB8D}.Debug|Any CPU.Build.0 = Debug|Any CPU
		{A1BB736F-2853-4DBC-A710-E12624F8AB8D}.Release|Any CPU.ActiveCfg = Release|Any CPU
		{A1BB736F-2853-4DBC-A710-E12624F8AB8D}.Release|Any CPU.Build.0 = Release|Any CPU
		{2AB245CA-046F-4215-8333-0A1D92C9EC4F}.Debug|Any CPU.ActiveCfg = Debug|Any CPU
		{2AB245CA-046F-4215-8333-0A1D92C9EC4F}.Debug|Any CPU.Build.0 = Debug|Any CPU
		{2AB245CA-046F-4215-8333-0A1D92C9EC4F}.Release|Any CPU.ActiveCfg = Release|Any CPU
		{2AB245CA-046F-4215-8333-0A1D92C9EC4F}.Release|Any CPU.Build.0 = Release|Any CPU
		{436A7C3B-78A0-4696-B7A8-62EF567C3DCE}.Debug|Any CPU.ActiveCfg = Debug|Any CPU
		{436A7C3B-78A0-4696-B7A8-62EF567C3DCE}.Debug|Any CPU.Build.0 = Debug|Any CPU
		{436A7C3B-78A0-4696-B7A8-62EF567C3DCE}.Release|Any CPU.ActiveCfg = Release|Any CPU
		{436A7C3B-78A0-4696-B7A8-62EF567C3DCE}.Release|Any CPU.Build.0 = Release|Any CPU
	EndGlobalSection
	GlobalSection(SolutionProperties) = preSolution
		HideSolutionNode = FALSE
	EndGlobalSection
	GlobalSection(ExtensibilityGlobals) = postSolution
		SolutionGuid = {396CD392-24E6-4081-93D9-BC0CACC3EE04}
	EndGlobalSection
EndGlobal
